
Microsoft Visual Studio Solution File, Format Version 12.00
# Visual Studio 2013
VisualStudioVersion = 12.0.31101.0
MinimumVisualStudioVersion = 10.0.40219.1
Project("{FAE04EC0-301F-11D3-BF4B-00C04F79EFBC}") = "App1", "App1\App1\App1.csproj", "{2EA4C54A-950C-4C86-ACE7-13F2E34304CE}"
EndProject
Project("{FAE04EC0-301F-11D3-BF4B-00C04F79EFBC}") = "App1.iOS", "App1\App1.iOS\App1.iOS.csproj", "{F83A9A52-5C2C-4057-8383-46B2CBB2F8A9}"
EndProject
Project("{FAE04EC0-301F-11D3-BF4B-00C04F79EFBC}") = "App1.Droid", "App1\App1.Droid\App1.Droid.csproj", "{3B4CBFD3-9815-4503-B408-0B20B70DB42C}"
EndProject
Project("{FAE04EC0-301F-11D3-BF4B-00C04F79EFBC}") = "App1.WinPhone", "App1\App1.WinPhone\App1.WinPhone.csproj", "{AF6F7723-31ED-447C-A740-F4C51B1D1786}"
EndProject
Global
	GlobalSection(SolutionConfigurationPlatforms) = preSolution
		Ad-Hoc|Any CPU = Ad-Hoc|Any CPU
		Ad-Hoc|ARM = Ad-Hoc|ARM
		Ad-Hoc|iPhone = Ad-Hoc|iPhone
		Ad-Hoc|iPhoneSimulator = Ad-Hoc|iPhoneSimulator
		Ad-Hoc|Mixed Platforms = Ad-Hoc|Mixed Platforms
		Ad-Hoc|x86 = Ad-Hoc|x86
		AppStore|Any CPU = AppStore|Any CPU
		AppStore|ARM = AppStore|ARM
		AppStore|iPhone = AppStore|iPhone
		AppStore|iPhoneSimulator = AppStore|iPhoneSimulator
		AppStore|Mixed Platforms = AppStore|Mixed Platforms
		AppStore|x86 = AppStore|x86
		Debug|Any CPU = Debug|Any CPU
		Debug|ARM = Debug|ARM
		Debug|iPhone = Debug|iPhone
		Debug|iPhoneSimulator = Debug|iPhoneSimulator
		Debug|Mixed Platforms = Debug|Mixed Platforms
		Debug|x86 = Debug|x86
		Release|Any CPU = Release|Any CPU
		Release|ARM = Release|ARM
		Release|iPhone = Release|iPhone
		Release|iPhoneSimulator = Release|iPhoneSimulator
		Release|Mixed Platforms = Release|Mixed Platforms
		Release|x86 = Release|x86
	EndGlobalSection
	GlobalSection(ProjectConfigurationPlatforms) = postSolution
		{2EA4C54A-950C-4C86-ACE7-13F2E34304CE}.Ad-Hoc|Any CPU.ActiveCfg = Release|Any CPU
		{2EA4C54A-950C-4C86-ACE7-13F2E34304CE}.Ad-Hoc|Any CPU.Build.0 = Release|Any CPU
		{2EA4C54A-950C-4C86-ACE7-13F2E34304CE}.Ad-Hoc|ARM.ActiveCfg = Release|Any CPU
		{2EA4C54A-950C-4C86-ACE7-13F2E34304CE}.Ad-Hoc|iPhone.ActiveCfg = Release|Any CPU
		{2EA4C54A-950C-4C86-ACE7-13F2E34304CE}.Ad-Hoc|iPhoneSimulator.ActiveCfg = Release|Any CPU
		{2EA4C54A-950C-4C86-ACE7-13F2E34304CE}.Ad-Hoc|Mixed Platforms.ActiveCfg = Release|Any CPU
		{2EA4C54A-950C-4C86-ACE7-13F2E34304CE}.Ad-Hoc|Mixed Platforms.Build.0 = Release|Any CPU
		{2EA4C54A-950C-4C86-ACE7-13F2E34304CE}.Ad-Hoc|x86.ActiveCfg = Release|Any CPU
		{2EA4C54A-950C-4C86-ACE7-13F2E34304CE}.AppStore|Any CPU.ActiveCfg = Release|Any CPU
		{2EA4C54A-950C-4C86-ACE7-13F2E34304CE}.AppStore|Any CPU.Build.0 = Release|Any CPU
		{2EA4C54A-950C-4C86-ACE7-13F2E34304CE}.AppStore|ARM.ActiveCfg = Release|Any CPU
		{2EA4C54A-950C-4C86-ACE7-13F2E34304CE}.AppStore|iPhone.ActiveCfg = Release|Any CPU
		{2EA4C54A-950C-4C86-ACE7-13F2E34304CE}.AppStore|iPhoneSimulator.ActiveCfg = Release|Any CPU
		{2EA4C54A-950C-4C86-ACE7-13F2E34304CE}.AppStore|Mixed Platforms.ActiveCfg = Release|Any CPU
		{2EA4C54A-950C-4C86-ACE7-13F2E34304CE}.AppStore|Mixed Platforms.Build.0 = Release|Any CPU
		{2EA4C54A-950C-4C86-ACE7-13F2E34304CE}.AppStore|x86.ActiveCfg = Release|Any CPU
		{2EA4C54A-950C-4C86-ACE7-13F2E34304CE}.Debug|Any CPU.ActiveCfg = Debug|Any CPU
		{2EA4C54A-950C-4C86-ACE7-13F2E34304CE}.Debug|Any CPU.Build.0 = Debug|Any CPU
		{2EA4C54A-950C-4C86-ACE7-13F2E34304CE}.Debug|ARM.ActiveCfg = Debug|Any CPU
		{2EA4C54A-950C-4C86-ACE7-13F2E34304CE}.Debug|iPhone.ActiveCfg = Debug|Any CPU
		{2EA4C54A-950C-4C86-ACE7-13F2E34304CE}.Debug|iPhone.Build.0 = Debug|Any CPU
		{2EA4C54A-950C-4C86-ACE7-13F2E34304CE}.Debug|iPhoneSimulator.ActiveCfg = Debug|Any CPU
		{2EA4C54A-950C-4C86-ACE7-13F2E34304CE}.Debug|iPhoneSimulator.Build.0 = Debug|Any CPU
		{2EA4C54A-950C-4C86-ACE7-13F2E34304CE}.Debug|Mixed Platforms.ActiveCfg = Debug|Any CPU
		{2EA4C54A-950C-4C86-ACE7-13F2E34304CE}.Debug|Mixed Platforms.Build.0 = Debug|Any CPU
		{2EA4C54A-950C-4C86-ACE7-13F2E34304CE}.Debug|x86.ActiveCfg = Debug|Any CPU
		{2EA4C54A-950C-4C86-ACE7-13F2E34304CE}.Release|Any CPU.ActiveCfg = Release|Any CPU
		{2EA4C54A-950C-4C86-ACE7-13F2E34304CE}.Release|Any CPU.Build.0 = Release|Any CPU
		{2EA4C54A-950C-4C86-ACE7-13F2E34304CE}.Release|ARM.ActiveCfg = Release|Any CPU
		{2EA4C54A-950C-4C86-ACE7-13F2E34304CE}.Release|iPhone.ActiveCfg = Release|Any CPU
		{2EA4C54A-950C-4C86-ACE7-13F2E34304CE}.Release|iPhoneSimulator.ActiveCfg = Release|Any CPU
		{2EA4C54A-950C-4C86-ACE7-13F2E34304CE}.Release|Mixed Platforms.ActiveCfg = Release|Any CPU
		{2EA4C54A-950C-4C86-ACE7-13F2E34304CE}.Release|Mixed Platforms.Build.0 = Release|Any CPU
		{2EA4C54A-950C-4C86-ACE7-13F2E34304CE}.Release|x86.ActiveCfg = Release|Any CPU
		{F83A9A52-5C2C-4057-8383-46B2CBB2F8A9}.Ad-Hoc|Any CPU.ActiveCfg = Ad-Hoc|iPhone
		{F83A9A52-5C2C-4057-8383-46B2CBB2F8A9}.Ad-Hoc|ARM.ActiveCfg = Ad-Hoc|iPhone
		{F83A9A52-5C2C-4057-8383-46B2CBB2F8A9}.Ad-Hoc|iPhone.ActiveCfg = Ad-Hoc|iPhone
		{F83A9A52-5C2C-4057-8383-46B2CBB2F8A9}.Ad-Hoc|iPhone.Build.0 = Ad-Hoc|iPhone
		{F83A9A52-5C2C-4057-8383-46B2CBB2F8A9}.Ad-Hoc|iPhoneSimulator.ActiveCfg = Ad-Hoc|iPhoneSimulator
		{F83A9A52-5C2C-4057-8383-46B2CBB2F8A9}.Ad-Hoc|iPhoneSimulator.Build.0 = Ad-Hoc|iPhoneSimulator
		{F83A9A52-5C2C-4057-8383-46B2CBB2F8A9}.Ad-Hoc|Mixed Platforms.ActiveCfg = Ad-Hoc|iPhone
		{F83A9A52-5C2C-4057-8383-46B2CBB2F8A9}.Ad-Hoc|Mixed Platforms.Build.0 = Ad-Hoc|iPhone
		{F83A9A52-5C2C-4057-8383-46B2CBB2F8A9}.Ad-Hoc|x86.ActiveCfg = Ad-Hoc|iPhone
		{F83A9A52-5C2C-4057-8383-46B2CBB2F8A9}.AppStore|Any CPU.ActiveCfg = AppStore|iPhone
		{F83A9A52-5C2C-4057-8383-46B2CBB2F8A9}.AppStore|ARM.ActiveCfg = AppStore|iPhone
		{F83A9A52-5C2C-4057-8383-46B2CBB2F8A9}.AppStore|iPhone.ActiveCfg = AppStore|iPhone
		{F83A9A52-5C2C-4057-8383-46B2CBB2F8A9}.AppStore|iPhone.Build.0 = AppStore|iPhone
		{F83A9A52-5C2C-4057-8383-46B2CBB2F8A9}.AppStore|iPhoneSimulator.ActiveCfg = AppStore|iPhoneSimulator
		{F83A9A52-5C2C-4057-8383-46B2CBB2F8A9}.AppStore|iPhoneSimulator.Build.0 = AppStore|iPhoneSimulator
		{F83A9A52-5C2C-4057-8383-46B2CBB2F8A9}.AppStore|Mixed Platforms.ActiveCfg = AppStore|iPhone
		{F83A9A52-5C2C-4057-8383-46B2CBB2F8A9}.AppStore|Mixed Platforms.Build.0 = AppStore|iPhone
		{F83A9A52-5C2C-4057-8383-46B2CBB2F8A9}.AppStore|x86.ActiveCfg = AppStore|iPhone
		{F83A9A52-5C2C-4057-8383-46B2CBB2F8A9}.Debug|Any CPU.ActiveCfg = Debug|iPhone
		{F83A9A52-5C2C-4057-8383-46B2CBB2F8A9}.Debug|ARM.ActiveCfg = Debug|iPhone
		{F83A9A52-5C2C-4057-8383-46B2CBB2F8A9}.Debug|iPhone.ActiveCfg = Debug|iPhoneSimulator
		{F83A9A52-5C2C-4057-8383-46B2CBB2F8A9}.Debug|iPhone.Build.0 = Debug|iPhoneSimulator
		{F83A9A52-5C2C-4057-8383-46B2CBB2F8A9}.Debug|iPhoneSimulator.ActiveCfg = Debug|iPhoneSimulator
		{F83A9A52-5C2C-4057-8383-46B2CBB2F8A9}.Debug|iPhoneSimulator.Build.0 = Debug|iPhoneSimulator
		{F83A9A52-5C2C-4057-8383-46B2CBB2F8A9}.Debug|Mixed Platforms.ActiveCfg = Debug|iPhone
		{F83A9A52-5C2C-4057-8383-46B2CBB2F8A9}.Debug|Mixed Platforms.Build.0 = Debug|iPhone
		{F83A9A52-5C2C-4057-8383-46B2CBB2F8A9}.Debug|x86.ActiveCfg = Debug|iPhone
		{F83A9A52-5C2C-4057-8383-46B2CBB2F8A9}.Release|Any CPU.ActiveCfg = Release|iPhone
		{F83A9A52-5C2C-4057-8383-46B2CBB2F8A9}.Release|ARM.ActiveCfg = Release|iPhone
		{F83A9A52-5C2C-4057-8383-46B2CBB2F8A9}.Release|iPhone.ActiveCfg = Release|iPhone
		{F83A9A52-5C2C-4057-8383-46B2CBB2F8A9}.Release|iPhone.Build.0 = Release|iPhone
		{F83A9A52-5C2C-4057-8383-46B2CBB2F8A9}.Release|iPhoneSimulator.ActiveCfg = Release|iPhoneSimulator
		{F83A9A52-5C2C-4057-8383-46B2CBB2F8A9}.Release|iPhoneSimulator.Build.0 = Release|iPhoneSimulator
		{F83A9A52-5C2C-4057-8383-46B2CBB2F8A9}.Release|Mixed Platforms.ActiveCfg = Release|iPhone
		{F83A9A52-5C2C-4057-8383-46B2CBB2F8A9}.Release|Mixed Platforms.Build.0 = Release|iPhone
		{F83A9A52-5C2C-4057-8383-46B2CBB2F8A9}.Release|x86.ActiveCfg = Release|iPhone
		{3B4CBFD3-9815-4503-B408-0B20B70DB42C}.Ad-Hoc|Any CPU.ActiveCfg = Release|Any CPU
		{3B4CBFD3-9815-4503-B408-0B20B70DB42C}.Ad-Hoc|Any CPU.Build.0 = Release|Any CPU
		{3B4CBFD3-9815-4503-B408-0B20B70DB42C}.Ad-Hoc|Any CPU.Deploy.0 = Release|Any CPU
		{3B4CBFD3-9815-4503-B408-0B20B70DB42C}.Ad-Hoc|ARM.ActiveCfg = Release|Any CPU
		{3B4CBFD3-9815-4503-B408-0B20B70DB42C}.Ad-Hoc|iPhone.ActiveCfg = Release|Any CPU
		{3B4CBFD3-9815-4503-B408-0B20B70DB42C}.Ad-Hoc|iPhoneSimulator.ActiveCfg = Release|Any CPU
		{3B4CBFD3-9815-4503-B408-0B20B70DB42C}.Ad-Hoc|Mixed Platforms.ActiveCfg = Release|Any CPU
		{3B4CBFD3-9815-4503-B408-0B20B70DB42C}.Ad-Hoc|Mixed Platforms.Build.0 = Release|Any CPU
		{3B4CBFD3-9815-4503-B408-0B20B70DB42C}.Ad-Hoc|Mixed Platforms.Deploy.0 = Release|Any CPU
		{3B4CBFD3-9815-4503-B408-0B20B70DB42C}.Ad-Hoc|x86.ActiveCfg = Release|Any CPU
		{3B4CBFD3-9815-4503-B408-0B20B70DB42C}.AppStore|Any CPU.ActiveCfg = Release|Any CPU
		{3B4CBFD3-9815-4503-B408-0B20B70DB42C}.AppStore|Any CPU.Build.0 = Release|Any CPU
		{3B4CBFD3-9815-4503-B408-0B20B70DB42C}.AppStore|Any CPU.Deploy.0 = Release|Any CPU
		{3B4CBFD3-9815-4503-B408-0B20B70DB42C}.AppStore|ARM.ActiveCfg = Release|Any CPU
		{3B4CBFD3-9815-4503-B408-0B20B70DB42C}.AppStore|iPhone.ActiveCfg = Release|Any CPU
		{3B4CBFD3-9815-4503-B408-0B20B70DB42C}.AppStore|iPhoneSimulator.ActiveCfg = Release|Any CPU
		{3B4CBFD3-9815-4503-B408-0B20B70DB42C}.AppStore|Mixed Platforms.ActiveCfg = Release|Any CPU
		{3B4CBFD3-9815-4503-B408-0B20B70DB42C}.AppStore|Mixed Platforms.Build.0 = Release|Any CPU
		{3B4CBFD3-9815-4503-B408-0B20B70DB42C}.AppStore|Mixed Platforms.Deploy.0 = Release|Any CPU
		{3B4CBFD3-9815-4503-B408-0B20B70DB42C}.AppStore|x86.ActiveCfg = Release|Any CPU
		{3B4CBFD3-9815-4503-B408-0B20B70DB42C}.Debug|Any CPU.ActiveCfg = Debug|Any CPU
		{3B4CBFD3-9815-4503-B408-0B20B70DB42C}.Debug|Any CPU.Build.0 = Debug|Any CPU
		{3B4CBFD3-9815-4503-B408-0B20B70DB42C}.Debug|Any CPU.Deploy.0 = Debug|Any CPU
		{3B4CBFD3-9815-4503-B408-0B20B70DB42C}.Debug|ARM.ActiveCfg = Debug|Any CPU
		{3B4CBFD3-9815-4503-B408-0B20B70DB42C}.Debug|iPhone.ActiveCfg = Debug|Any CPU
		{3B4CBFD3-9815-4503-B408-0B20B70DB42C}.Debug|iPhone.Build.0 = Debug|Any CPU
		{3B4CBFD3-9815-4503-B408-0B20B70DB42C}.Debug|iPhone.Deploy.0 = Debug|Any CPU
		{3B4CBFD3-9815-4503-B408-0B20B70DB42C}.Debug|iPhoneSimulator.ActiveCfg = Debug|Any CPU
		{3B4CBFD3-9815-4503-B408-0B20B70DB42C}.Debug|iPhoneSimulator.Build.0 = Debug|Any CPU
		{3B4CBFD3-9815-4503-B408-0B20B70DB42C}.Debug|iPhoneSimulator.Deploy.0 = Debug|Any CPU
		{3B4CBFD3-9815-4503-B408-0B20B70DB42C}.Debug|Mixed Platforms.ActiveCfg = Debug|Any CPU
		{3B4CBFD3-9815-4503-B408-0B20B70DB42C}.Debug|Mixed Platforms.Build.0 = Debug|Any CPU
		{3B4CBFD3-9815-4503-B408-0B20B70DB42C}.Debug|Mixed Platforms.Deploy.0 = Debug|Any CPU
		{3B4CBFD3-9815-4503-B408-0B20B70DB42C}.Debug|x86.ActiveCfg = Debug|Any CPU
		{3B4CBFD3-9815-4503-B408-0B20B70DB42C}.Release|Any CPU.ActiveCfg = Release|Any CPU
		{3B4CBFD3-9815-4503-B408-0B20B70DB42C}.Release|Any CPU.Build.0 = Release|Any CPU
		{3B4CBFD3-9815-4503-B408-0B20B70DB42C}.Release|Any CPU.Deploy.0 = Release|Any CPU
		{3B4CBFD3-9815-4503-B408-0B20B70DB42C}.Release|ARM.ActiveCfg = Release|Any CPU
		{3B4CBFD3-9815-4503-B408-0B20B70DB42C}.Release|iPhone.ActiveCfg = Release|Any CPU
		{3B4CBFD3-9815-4503-B408-0B20B70DB42C}.Release|iPhoneSimulator.ActiveCfg = Release|Any CPU
		{3B4CBFD3-9815-4503-B408-0B20B70DB42C}.Release|Mixed Platforms.ActiveCfg = Release|Any CPU
		{3B4CBFD3-9815-4503-B408-0B20B70DB42C}.Release|Mixed Platforms.Build.0 = Release|Any CPU
		{3B4CBFD3-9815-4503-B408-0B20B70DB42C}.Release|Mixed Platforms.Deploy.0 = Release|Any CPU
		{3B4CBFD3-9815-4503-B408-0B20B70DB42C}.Release|x86.ActiveCfg = Release|Any CPU
		{AF6F7723-31ED-447C-A740-F4C51B1D1786}.Ad-Hoc|Any CPU.ActiveCfg = Release|Any CPU
		{AF6F7723-31ED-447C-A740-F4C51B1D1786}.Ad-Hoc|Any CPU.Build.0 = Release|Any CPU
		{AF6F7723-31ED-447C-A740-F4C51B1D1786}.Ad-Hoc|Any CPU.Deploy.0 = Release|Any CPU
		{AF6F7723-31ED-447C-A740-F4C51B1D1786}.Ad-Hoc|ARM.ActiveCfg = Release|ARM
		{AF6F7723-31ED-447C-A740-F4C51B1D1786}.Ad-Hoc|ARM.Build.0 = Release|ARM
		{AF6F7723-31ED-447C-A740-F4C51B1D1786}.Ad-Hoc|ARM.Deploy.0 = Release|ARM
		{AF6F7723-31ED-447C-A740-F4C51B1D1786}.Ad-Hoc|iPhone.ActiveCfg = Release|Any CPU
		{AF6F7723-31ED-447C-A740-F4C51B1D1786}.Ad-Hoc|iPhoneSimulator.ActiveCfg = Release|Any CPU
		{AF6F7723-31ED-447C-A740-F4C51B1D1786}.Ad-Hoc|Mixed Platforms.ActiveCfg = Release|x86
		{AF6F7723-31ED-447C-A740-F4C51B1D1786}.Ad-Hoc|Mixed Platforms.Build.0 = Release|x86
		{AF6F7723-31ED-447C-A740-F4C51B1D1786}.Ad-Hoc|Mixed Platforms.Deploy.0 = Release|x86
		{AF6F7723-31ED-447C-A740-F4C51B1D1786}.Ad-Hoc|x86.ActiveCfg = Release|x86
		{AF6F7723-31ED-447C-A740-F4C51B1D1786}.Ad-Hoc|x86.Build.0 = Release|x86
		{AF6F7723-31ED-447C-A740-F4C51B1D1786}.Ad-Hoc|x86.Deploy.0 = Release|x86
		{AF6F7723-31ED-447C-A740-F4C51B1D1786}.AppStore|Any CPU.ActiveCfg = Release|Any CPU
		{AF6F7723-31ED-447C-A740-F4C51B1D1786}.AppStore|Any CPU.Build.0 = Release|Any CPU
		{AF6F7723-31ED-447C-A740-F4C51B1D1786}.AppStore|Any CPU.Deploy.0 = Release|Any CPU
		{AF6F7723-31ED-447C-A740-F4C51B1D1786}.AppStore|ARM.ActiveCfg = Release|ARM
		{AF6F7723-31ED-447C-A740-F4C51B1D1786}.AppStore|ARM.Build.0 = Release|ARM
		{AF6F7723-31ED-447C-A740-F4C51B1D1786}.AppStore|ARM.Deploy.0 = Release|ARM
		{AF6F7723-31ED-447C-A740-F4C51B1D1786}.AppStore|iPhone.ActiveCfg = Release|Any CPU
		{AF6F7723-31ED-447C-A740-F4C51B1D1786}.AppStore|iPhoneSimulator.ActiveCfg = Release|Any CPU
		{AF6F7723-31ED-447C-A740-F4C51B1D1786}.AppStore|Mixed Platforms.ActiveCfg = Release|x86
		{AF6F7723-31ED-447C-A740-F4C51B1D1786}.AppStore|Mixed Platforms.Build.0 = Release|x86
		{AF6F7723-31ED-447C-A740-F4C51B1D1786}.AppStore|Mixed Platforms.Deploy.0 = Release|x86
		{AF6F7723-31ED-447C-A740-F4C51B1D1786}.AppStore|x86.ActiveCfg = Release|x86
		{AF6F7723-31ED-447C-A740-F4C51B1D1786}.AppStore|x86.Build.0 = Release|x86
		{AF6F7723-31ED-447C-A740-F4C51B1D1786}.AppStore|x86.Deploy.0 = Release|x86
		{AF6F7723-31ED-447C-A740-F4C51B1D1786}.Debug|Any CPU.ActiveCfg = Debug|Any CPU
		{AF6F7723-31ED-447C-A740-F4C51B1D1786}.Debug|Any CPU.Build.0 = Debug|Any CPU
		{AF6F7723-31ED-447C-A740-F4C51B1D1786}.Debug|Any CPU.Deploy.0 = Debug|Any CPU
		{AF6F7723-31ED-447C-A740-F4C51B1D1786}.Debug|ARM.ActiveCfg = Debug|ARM
		{AF6F7723-31ED-447C-A740-F4C51B1D1786}.Debug|ARM.Build.0 = Debug|ARM
		{AF6F7723-31ED-447C-A740-F4C51B1D1786}.Debug|ARM.Deploy.0 = Debug|ARM
		{AF6F7723-31ED-447C-A740-F4C51B1D1786}.Debug|iPhone.ActiveCfg = Debug|Any CPU
		{AF6F7723-31ED-447C-A740-F4C51B1D1786}.Debug|iPhone.Build.0 = Debug|Any CPU
		{AF6F7723-31ED-447C-A740-F4C51B1D1786}.Debug|iPhone.Deploy.0 = Debug|Any CPU
		{AF6F7723-31ED-447C-A740-F4C51B1D1786}.Debug|iPhoneSimulator.ActiveCfg = Debug|Any CPU
		{AF6F7723-31ED-447C-A740-F4C51B1D1786}.Debug|iPhoneSimulator.Build.0 = Debug|Any CPU
		{AF6F7723-31ED-447C-A740-F4C51B1D1786}.Debug|iPhoneSimulator.Deploy.0 = Debug|Any CPU
		{AF6F7723-31ED-447C-A740-F4C51B1D1786}.Debug|Mixed Platforms.ActiveCfg = Debug|x86
		{AF6F7723-31ED-447C-A740-F4C51B1D1786}.Debug|Mixed Platforms.Build.0 = Debug|x86
		{AF6F7723-31ED-447C-A740-F4C51B1D1786}.Debug|Mixed Platforms.Deploy.0 = Debug|x86
		{AF6F7723-31ED-447C-A740-F4C51B1D1786}.Debug|x86.ActiveCfg = Debug|x86
		{AF6F7723-31ED-447C-A740-F4C51B1D1786}.Debug|x86.Build.0 = Debug|x86
		{AF6F7723-31ED-447C-A740-F4C51B1D1786}.Debug|x86.Deploy.0 = Debug|x86
		{AF6F7723-31ED-447C-A740-F4C51B1D1786}.Release|Any CPU.ActiveCfg = Release|Any CPU
		{AF6F7723-31ED-447C-A740-F4C51B1D1786}.Release|Any CPU.Build.0 = Release|Any CPU
		{AF6F7723-31ED-447C-A740-F4C51B1D1786}.Release|Any CPU.Deploy.0 = Release|Any CPU
		{AF6F7723-31ED-447C-A740-F4C51B1D1786}.Release|ARM.ActiveCfg = Release|ARM
		{AF6F7723-31ED-447C-A740-F4C51B1D1786}.Release|ARM.Build.0 = Release|ARM
		{AF6F7723-31ED-447C-A740-F4C51B1D1786}.Release|ARM.Deploy.0 = Release|ARM
		{AF6F7723-31ED-447C-A740-F4C51B1D1786}.Release|iPhone.ActiveCfg = Release|Any CPU
		{AF6F7723-31ED-447C-A740-F4C51B1D1786}.Release|iPhoneSimulator.ActiveCfg = Release|Any CPU
		{AF6F7723-31ED-447C-A740-F4C51B1D1786}.Release|Mixed Platforms.ActiveCfg = Release|x86
		{AF6F7723-31ED-447C-A740-F4C51B1D1786}.Release|Mixed Platforms.Build.0 = Release|x86
		{AF6F7723-31ED-447C-A740-F4C51B1D1786}.Release|Mixed Platforms.Deploy.0 = Release|x86
		{AF6F7723-31ED-447C-A740-F4C51B1D1786}.Release|x86.ActiveCfg = Release|x86
		{AF6F7723-31ED-447C-A740-F4C51B1D1786}.Release|x86.Build.0 = Release|x86
		{AF6F7723-31ED-447C-A740-F4C51B1D1786}.Release|x86.Deploy.0 = Release|x86
	EndGlobalSection
	GlobalSection(SolutionProperties) = preSolution
		HideSolutionNode = FALSE
	EndGlobalSection
EndGlobal
